
Microsoft Visual Studio Solution File, Format Version 12.00
# Visual Studio Version 16
VisualStudioVersion = 16.0.30711.63
MinimumVisualStudioVersion = 10.0.40219.1
Project("{FAE04EC0-301F-11D3-BF4B-00C04F79EFBC}") = "Sbt.Test.Refactoring", "Sbt.Test.Refactoring\Sbt.Test.Refactoring.csproj", "{FE8F96CD-ADB1-402D-B7E4-7450B3FA6CE8}"
EndProject
Project("{FAE04EC0-301F-11D3-BF4B-00C04F79EFBC}") = "Sbt.Test.Refactoring.Tests", "Sbt.Test.Refactoring.Tests\Sbt.Test.Refactoring.Tests.csproj", "{7FBFDED0-3128-44E9-B719-B1B8B65B32BC}"
EndProject
Project("{2150E333-8FDC-42A3-9474-1A3956D46DE8}") = ".nuget", ".nuget", "{9E97DE02-7060-4F8A-9BA5-C7B6C7507840}"
	ProjectSection(SolutionItems) = preProject
		.nuget\packages.config = .nuget\packages.config
	EndProjectSection
EndProject
Global
	GlobalSection(SolutionConfigurationPlatforms) = preSolution
		Debug|Any CPU = Debug|Any CPU
		Release|Any CPU = Release|Any CPU
	EndGlobalSection
	GlobalSection(ProjectConfigurationPlatforms) = postSolution
		{FE8F96CD-ADB1-402D-B7E4-7450B3FA6CE8}.Debug|Any CPU.ActiveCfg = Debug|Any CPU
		{FE8F96CD-ADB1-402D-B7E4-7450B3FA6CE8}.Debug|Any CPU.Build.0 = Debug|Any CPU
		{FE8F96CD-ADB1-402D-B7E4-7450B3FA6CE8}.Release|Any CPU.ActiveCfg = Release|Any CPU
		{FE8F96CD-ADB1-402D-B7E4-7450B3FA6CE8}.Release|Any CPU.Build.0 = Release|Any CPU
		{7FBFDED0-3128-44E9-B719-B1B8B65B32BC}.Debug|Any CPU.ActiveCfg = Debug|Any CPU
		{7FBFDED0-3128-44E9-B719-B1B8B65B32BC}.Debug|Any CPU.Build.0 = Debug|Any CPU
		{7FBFDED0-3128-44E9-B719-B1B8B65B32BC}.Release|Any CPU.ActiveCfg = Release|Any CPU
		{7FBFDED0-3128-44E9-B719-B1B8B65B32BC}.Release|Any CPU.Build.0 = Release|Any CPU
	EndGlobalSection
	GlobalSection(SolutionProperties) = preSolution
		HideSolutionNode = FALSE
	EndGlobalSection
	GlobalSection(ExtensibilityGlobals) = postSolution
		SolutionGuid = {3D7CCCC7-111B-4830-AC98-023A1D7ACD7B}
	EndGlobalSection
EndGlobal
